{
  "name": "tscad",
  "version": "1.0.0",
  "lockfileVersion": 2,
  "requires": true,
  "packages": {
    "": {
      "name": "tscad",
      "version": "1.0.0",
      "license": "UNLICENSED",
      "devDependencies": {
        "@jscad/modeling": "^2.9.5",
        "typescript": "^4.7.4"
      }
    },
    "node_modules/@jscad/modeling": {
      "version": "2.9.5",
      "resolved": "https://registry.npmjs.org/@jscad/modeling/-/modeling-2.9.5.tgz",
      "integrity": "sha512-mhdSVEr0XHyu3wDmZcAAYnhqKC+Xs9pri/T7j85QisiHet5BtOL36WOVsvbS+5cJbqHyuuQbZ0vSzAH1eYLf2g==",
      "dev": true
    },
    "node_modules/typescript": {
      "version": "4.7.4",
      "resolved": "https://registry.npmjs.org/typescript/-/typescript-4.7.4.tgz",
      "integrity": "sha512-C0WQT0gezHuw6AdY1M2jxUO83Rjf0HP7Sk1DtXj6j1EwkQNZrHAg2XPWlq62oqEhYvONq5pkC2Y9oPljWToLmQ==",
      "dev": true,
      "bin": {
        "tsc": "bin/tsc",
        "tsserver": "bin/tsserver"
      },
      "engines": {
        "node": ">=4.2.0"
      }
    }
  },
  "dependencies": {
    "@jscad/modeling": {
      "version": "2.9.5",
      "resolved": "https://registry.npmjs.org/@jscad/modeling/-/modeling-2.9.5.tgz",
      "integrity": "sha512-mhdSVEr0XHyu3wDmZcAAYnhqKC+Xs9pri/T7j85QisiHet5BtOL36WOVsvbS+5cJbqHyuuQbZ0vSzAH1eYLf2g==",
      "dev": true
    },
    "typescript": {
      "version": "4.7.4",
      "resolved": "https://registry.npmjs.org/typescript/-/typescript-4.7.4.tgz",
      "integrity": "sha512-C0WQT0gezHuw6AdY1M2jxUO83Rjf0HP7Sk1DtXj6j1EwkQNZrHAg2XPWlq62oqEhYvONq5pkC2Y9oPljWToLmQ==",
      "dev": true
    }
  }
}
